// !$*UTF8*$!
{
	archiveVersion = 1;
	classes = {
	};
	objectVersion = 46;
	objects = {

/* Begin PBXBuildFile section */
		CB1622AD1DDAA31A0001D80F /* AppDelegate.swift in Sources */ = {isa = PBXBuildFile; fileRef = CB1622AC1DDAA31A0001D80F /* AppDelegate.swift */; };
		CB1622B51DDAA31A0001D80F /* MealPrepMania.xcdatamodeld in Sources */ = {isa = PBXBuildFile; fileRef = CB1622B31DDAA31A0001D80F /* MealPrepMania.xcdatamodeld */; };
		CB1622B71DDAA31A0001D80F /* Assets.xcassets in Resources */ = {isa = PBXBuildFile; fileRef = CB1622B61DDAA31A0001D80F /* Assets.xcassets */; };
		CB1622BA1DDAA31A0001D80F /* LaunchScreen.storyboard in Resources */ = {isa = PBXBuildFile; fileRef = CB1622B81DDAA31A0001D80F /* LaunchScreen.storyboard */; };
		CB3AE4531DEB625900A7A618 /* RecipesTableViewController.swift in Sources */ = {isa = PBXBuildFile; fileRef = CB3AE4521DEB625900A7A618 /* RecipesTableViewController.swift */; };
		CB3AE4551DEB627200A7A618 /* MealPrepManiaAPI.swift in Sources */ = {isa = PBXBuildFile; fileRef = CB3AE4541DEB627200A7A618 /* MealPrepManiaAPI.swift */; };
		CB3AE4571DEB637900A7A618 /* Recipe.swift in Sources */ = {isa = PBXBuildFile; fileRef = CB3AE4561DEB637900A7A618 /* Recipe.swift */; };
		CB3AE4591DEB644700A7A618 /* Direction.swift in Sources */ = {isa = PBXBuildFile; fileRef = CB3AE4581DEB644700A7A618 /* Direction.swift */; };
		CB3AE45B1DEB64C100A7A618 /* Ingredient.swift in Sources */ = {isa = PBXBuildFile; fileRef = CB3AE45A1DEB64C100A7A618 /* Ingredient.swift */; };
		CB3AE45D1DEB655E00A7A618 /* MenuItem.swift in Sources */ = {isa = PBXBuildFile; fileRef = CB3AE45C1DEB655E00A7A618 /* MenuItem.swift */; };
		CB3AE45F1DEB65BB00A7A618 /* GroceryListItem.swift in Sources */ = {isa = PBXBuildFile; fileRef = CB3AE45E1DEB65BB00A7A618 /* GroceryListItem.swift */; };
		CB3AE4621DEB72A200A7A618 /* RecipeDetailsViewController.swift in Sources */ = {isa = PBXBuildFile; fileRef = CB3AE4611DEB72A200A7A618 /* RecipeDetailsViewController.swift */; };
		CB3AE4681DEB786200A7A618 /* Main.storyboard in Resources */ = {isa = PBXBuildFile; fileRef = CB3AE4671DEB786200A7A618 /* Main.storyboard */; };
		CB3AE46A1DEB7C2A00A7A618 /* IngredientCell.swift in Sources */ = {isa = PBXBuildFile; fileRef = CB3AE4691DEB7C2A00A7A618 /* IngredientCell.swift */; };
		CB3AE46C1DEB8BF600A7A618 /* MenuTableViewController.swift in Sources */ = {isa = PBXBuildFile; fileRef = CB3AE46B1DEB8BF600A7A618 /* MenuTableViewController.swift */; };
/* End PBXBuildFile section */

/* Begin PBXFileReference section */
		CB1622A91DDAA31A0001D80F /* MealPrepMania.app */ = {isa = PBXFileReference; explicitFileType = wrapper.application; includeInIndex = 0; path = MealPrepMania.app; sourceTree = BUILT_PRODUCTS_DIR; };
		CB1622AC1DDAA31A0001D80F /* AppDelegate.swift */ = {isa = PBXFileReference; lastKnownFileType = sourcecode.swift; path = AppDelegate.swift; sourceTree = "<group>"; };
		CB1622B41DDAA31A0001D80F /* MealPrepMania.xcdatamodel */ = {isa = PBXFileReference; lastKnownFileType = wrapper.xcdatamodel; path = MealPrepMania.xcdatamodel; sourceTree = "<group>"; };
		CB1622B61DDAA31A0001D80F /* Assets.xcassets */ = {isa = PBXFileReference; lastKnownFileType = folder.assetcatalog; path = Assets.xcassets; sourceTree = "<group>"; };
		CB1622B91DDAA31A0001D80F /* Base */ = {isa = PBXFileReference; lastKnownFileType = file.storyboard; name = Base; path = Base.lproj/LaunchScreen.storyboard; sourceTree = "<group>"; };
		CB1622BB1DDAA31A0001D80F /* Info.plist */ = {isa = PBXFileReference; lastKnownFileType = text.plist.xml; path = Info.plist; sourceTree = "<group>"; };
		CB3AE4521DEB625900A7A618 /* RecipesTableViewController.swift */ = {isa = PBXFileReference; fileEncoding = 4; lastKnownFileType = sourcecode.swift; path = RecipesTableViewController.swift; sourceTree = "<group>"; };
		CB3AE4541DEB627200A7A618 /* MealPrepManiaAPI.swift */ = {isa = PBXFileReference; fileEncoding = 4; lastKnownFileType = sourcecode.swift; path = MealPrepManiaAPI.swift; sourceTree = "<group>"; };
		CB3AE4561DEB637900A7A618 /* Recipe.swift */ = {isa = PBXFileReference; fileEncoding = 4; lastKnownFileType = sourcecode.swift; path = Recipe.swift; sourceTree = "<group>"; };
		CB3AE4581DEB644700A7A618 /* Direction.swift */ = {isa = PBXFileReference; fileEncoding = 4; lastKnownFileType = sourcecode.swift; path = Direction.swift; sourceTree = "<group>"; };
		CB3AE45A1DEB64C100A7A618 /* Ingredient.swift */ = {isa = PBXFileReference; fileEncoding = 4; lastKnownFileType = sourcecode.swift; path = Ingredient.swift; sourceTree = "<group>"; };
		CB3AE45C1DEB655E00A7A618 /* MenuItem.swift */ = {isa = PBXFileReference; fileEncoding = 4; lastKnownFileType = sourcecode.swift; path = MenuItem.swift; sourceTree = "<group>"; };
		CB3AE45E1DEB65BB00A7A618 /* GroceryListItem.swift */ = {isa = PBXFileReference; fileEncoding = 4; lastKnownFileType = sourcecode.swift; path = GroceryListItem.swift; sourceTree = "<group>"; };
		CB3AE4611DEB72A200A7A618 /* RecipeDetailsViewController.swift */ = {isa = PBXFileReference; fileEncoding = 4; lastKnownFileType = sourcecode.swift; path = RecipeDetailsViewController.swift; sourceTree = "<group>"; };
		CB3AE4671DEB786200A7A618 /* Main.storyboard */ = {isa = PBXFileReference; fileEncoding = 4; lastKnownFileType = file.storyboard; path = Main.storyboard; sourceTree = "<group>"; };
		CB3AE4691DEB7C2A00A7A618 /* IngredientCell.swift */ = {isa = PBXFileReference; fileEncoding = 4; lastKnownFileType = sourcecode.swift; path = IngredientCell.swift; sourceTree = "<group>"; };
		CB3AE46B1DEB8BF600A7A618 /* MenuTableViewController.swift */ = {isa = PBXFileReference; fileEncoding = 4; lastKnownFileType = sourcecode.swift; path = MenuTableViewController.swift; sourceTree = "<group>"; };
/* End PBXFileReference section */

/* Begin PBXFrameworksBuildPhase section */
		CB1622A61DDAA31A0001D80F /* Frameworks */ = {
			isa = PBXFrameworksBuildPhase;
			buildActionMask = 2147483647;
			files = (
			);
			runOnlyForDeploymentPostprocessing = 0;
		};
/* End PBXFrameworksBuildPhase section */

/* Begin PBXGroup section */
		CB1622A01DDAA31A0001D80F = {
			isa = PBXGroup;
			children = (
				CB1622AB1DDAA31A0001D80F /* MealPrepMania */,
				CB1622AA1DDAA31A0001D80F /* Products */,
			);
			sourceTree = "<group>";
		};
		CB1622AA1DDAA31A0001D80F /* Products */ = {
			isa = PBXGroup;
			children = (
				CB1622A91DDAA31A0001D80F /* MealPrepMania.app */,
			);
			name = Products;
			sourceTree = "<group>";
		};
		CB1622AB1DDAA31A0001D80F /* MealPrepMania */ = {
			isa = PBXGroup;
			children = (
				CB3AE4601DEB674D00A7A618 /* Model */,
				CB1622AC1DDAA31A0001D80F /* AppDelegate.swift */,
				CB3AE4541DEB627200A7A618 /* MealPrepManiaAPI.swift */,
				CB3AE4671DEB786200A7A618 /* Main.storyboard */,
				CB3AE4691DEB7C2A00A7A618 /* IngredientCell.swift */,
				CB3AE4611DEB72A200A7A618 /* RecipeDetailsViewController.swift */,
				CB3AE4521DEB625900A7A618 /* RecipesTableViewController.swift */,
				CB3AE46B1DEB8BF600A7A618 /* MenuTableViewController.swift */,
				CB1622B61DDAA31A0001D80F /* Assets.xcassets */,
				CB1622B81DDAA31A0001D80F /* LaunchScreen.storyboard */,
				CB1622BB1DDAA31A0001D80F /* Info.plist */,
				CB1622B31DDAA31A0001D80F /* MealPrepMania.xcdatamodeld */,
			);
			path = MealPrepMania;
			sourceTree = "<group>";
		};
		CB3AE4601DEB674D00A7A618 /* Model */ = {
			isa = PBXGroup;
			children = (
				CB3AE4561DEB637900A7A618 /* Recipe.swift */,
				CB3AE45A1DEB64C100A7A618 /* Ingredient.swift */,
				CB3AE4581DEB644700A7A618 /* Direction.swift */,
				CB3AE45C1DEB655E00A7A618 /* MenuItem.swift */,
				CB3AE45E1DEB65BB00A7A618 /* GroceryListItem.swift */,
			);
			name = Model;
			sourceTree = "<group>";
		};
/* End PBXGroup section */

/* Begin PBXNativeTarget section */
		CB1622A81DDAA31A0001D80F /* MealPrepMania */ = {
			isa = PBXNativeTarget;
			buildConfigurationList = CB1622BE1DDAA31A0001D80F /* Build configuration list for PBXNativeTarget "MealPrepMania" */;
			buildPhases = (
				CB1622A51DDAA31A0001D80F /* Sources */,
				CB1622A61DDAA31A0001D80F /* Frameworks */,
				CB1622A71DDAA31A0001D80F /* Resources */,
			);
			buildRules = (
			);
			dependencies = (
			);
			name = MealPrepMania;
			productName = MealPrepMania;
			productReference = CB1622A91DDAA31A0001D80F /* MealPrepMania.app */;
			productType = "com.apple.product-type.application";
		};
/* End PBXNativeTarget section */

/* Begin PBXProject section */
		CB1622A11DDAA31A0001D80F /* Project object */ = {
			isa = PBXProject;
			attributes = {
				LastSwiftUpdateCheck = 0730;
				LastUpgradeCheck = 0730;
				ORGANIZATIONNAME = "Jennifer Foster";
				TargetAttributes = {
					CB1622A81DDAA31A0001D80F = {
						CreatedOnToolsVersion = 7.3.1;
					};
				};
			};
			buildConfigurationList = CB1622A41DDAA31A0001D80F /* Build configuration list for PBXProject "MealPrepMania" */;
			compatibilityVersion = "Xcode 3.2";
			developmentRegion = English;
			hasScannedForEncodings = 0;
			knownRegions = (
				en,
				Base,
			);
			mainGroup = CB1622A01DDAA31A0001D80F;
			productRefGroup = CB1622AA1DDAA31A0001D80F /* Products */;
			projectDirPath = "";
			projectRoot = "";
			targets = (
				CB1622A81DDAA31A0001D80F /* MealPrepMania */,
			);
		};
/* End PBXProject section */

/* Begin PBXResourcesBuildPhase section */
		CB1622A71DDAA31A0001D80F /* Resources */ = {
			isa = PBXResourcesBuildPhase;
			buildActionMask = 2147483647;
			files = (
				CB3AE4681DEB786200A7A618 /* Main.storyboard in Resources */,
				CB1622BA1DDAA31A0001D80F /* LaunchScreen.storyboard in Resources */,
				CB1622B71DDAA31A0001D80F /* Assets.xcassets in Resources */,
			);
			runOnlyForDeploymentPostprocessing = 0;
		};
/* End PBXResourcesBuildPhase section */

/* Begin PBXSourcesBuildPhase section */
		CB1622A51DDAA31A0001D80F /* Sources */ = {
			isa = PBXSourcesBuildPhase;
			buildActionMask = 2147483647;
			files = (
				CB1622AD1DDAA31A0001D80F /* AppDelegate.swift in Sources */,
				CB3AE4531DEB625900A7A618 /* RecipesTableViewController.swift in Sources */,
				CB3AE45B1DEB64C100A7A618 /* Ingredient.swift in Sources */,
				CB3AE4621DEB72A200A7A618 /* RecipeDetailsViewController.swift in Sources */,
				CB1622B51DDAA31A0001D80F /* MealPrepMania.xcdatamodeld in Sources */,
				CB3AE4551DEB627200A7A618 /* MealPrepManiaAPI.swift in Sources */,
				CB3AE46A1DEB7C2A00A7A618 /* IngredientCell.swift in Sources */,
				CB3AE45D1DEB655E00A7A618 /* MenuItem.swift in Sources */,
				CB3AE46C1DEB8BF600A7A618 /* MenuTableViewController.swift in Sources */,
				CB3AE4571DEB637900A7A618 /* Recipe.swift in Sources */,
				CB3AE45F1DEB65BB00A7A618 /* GroceryListItem.swift in Sources */,
				CB3AE4591DEB644700A7A618 /* Direction.swift in Sources */,
			);
			runOnlyForDeploymentPostprocessing = 0;
		};
/* End PBXSourcesBuildPhase section */

/* Begin PBXVariantGroup section */
		CB1622B81DDAA31A0001D80F /* LaunchScreen.storyboard */ = {
			isa = PBXVariantGroup;
			children = (
				CB1622B91DDAA31A0001D80F /* Base */,
			);
			name = LaunchScreen.storyboard;
			sourceTree = "<group>";
		};
/* End PBXVariantGroup section */

/* Begin XCBuildConfiguration section */
		CB1622BC1DDAA31A0001D80F /* Debug */ = {
			isa = XCBuildConfiguration;
			buildSettings = {
				ALWAYS_SEARCH_USER_PATHS = NO;
				CLANG_ANALYZER_NONNULL = YES;
				CLANG_CXX_LANGUAGE_STANDARD = "gnu++0x";
				CLANG_CXX_LIBRARY = "libc++";
				CLANG_ENABLE_MODULES = YES;
				CLANG_ENABLE_OBJC_ARC = YES;
				CLANG_WARN_BOOL_CONVERSION = YES;
				CLANG_WARN_CONSTANT_CONVERSION = YES;
				CLANG_WARN_DIRECT_OBJC_ISA_USAGE = YES_ERROR;
				CLANG_WARN_EMPTY_BODY = YES;
				CLANG_WARN_ENUM_CONVERSION = YES;
				CLANG_WARN_INT_CONVERSION = YES;
				CLANG_WARN_OBJC_ROOT_CLASS = YES_ERROR;
				CLANG_WARN_UNREACHABLE_CODE = YES;
				CLANG_WARN__DUPLICATE_METHOD_MATCH = YES;
				"CODE_SIGN_IDENTITY[sdk=iphoneos*]" = "iPhone Developer";
				COPY_PHASE_STRIP = NO;
				DEBUG_INFORMATION_FORMAT = dwarf;
				ENABLE_STRICT_OBJC_MSGSEND = YES;
				ENABLE_TESTABILITY = YES;
				GCC_C_LANGUAGE_STANDARD = gnu99;
				GCC_DYNAMIC_NO_PIC = NO;
				GCC_NO_COMMON_BLOCKS = YES;
				GCC_OPTIMIZATION_LEVEL = 0;
				GCC_PREPROCESSOR_DEFINITIONS = (
					"DEBUG=1",
					"$(inherited)",
				);
				GCC_WARN_64_TO_32_BIT_CONVERSION = YES;
				GCC_WARN_ABOUT_RETURN_TYPE = YES_ERROR;
				GCC_WARN_UNDECLARED_SELECTOR = YES;
				GCC_WARN_UNINITIALIZED_AUTOS = YES_AGGRESSIVE;
				GCC_WARN_UNUSED_FUNCTION = YES;
				GCC_WARN_UNUSED_VARIABLE = YES;
				IPHONEOS_DEPLOYMENT_TARGET = 9.3;
				MTL_ENABLE_DEBUG_INFO = YES;
				ONLY_ACTIVE_ARCH = YES;
				SDKROOT = iphoneos;
				SWIFT_OPTIMIZATION_LEVEL = "-Onone";
				TARGETED_DEVICE_FAMILY = "1,2";
			};
			name = Debug;
		};
		CB1622BD1DDAA31A0001D80F /* Release */ = {
			isa = XCBuildConfiguration;
			buildSettings = {
				ALWAYS_SEARCH_USER_PATHS = NO;
				CLANG_ANALYZER_NONNULL = YES;
				CLANG_CXX_LANGUAGE_STANDARD = "gnu++0x";
				CLANG_CXX_LIBRARY = "libc++";
				CLANG_ENABLE_MODULES = YES;
				CLANG_ENABLE_OBJC_ARC = YES;
				CLANG_WARN_BOOL_CONVERSION = YES;
				CLANG_WARN_CONSTANT_CONVERSION = YES;
				CLANG_WARN_DIRECT_OBJC_ISA_USAGE = YES_ERROR;
				CLANG_WARN_EMPTY_BODY = YES;
				CLANG_WARN_ENUM_CONVERSION = YES;
				CLANG_WARN_INT_CONVERSION = YES;
				CLANG_WARN_OBJC_ROOT_CLASS = YES_ERROR;
				CLANG_WARN_UNREACHABLE_CODE = YES;
				CLANG_WARN__DUPLICATE_METHOD_MATCH = YES;
				"CODE_SIGN_IDENTITY[sdk=iphoneos*]" = "iPhone Developer";
				COPY_PHASE_STRIP = NO;
				DEBUG_INFORMATION_FORMAT = "dwarf-with-dsym";
				ENABLE_NS_ASSERTIONS = NO;
				ENABLE_STRICT_OBJC_MSGSEND = YES;
				GCC_C_LANGUAGE_STANDARD = gnu99;
				GCC_NO_COMMON_BLOCKS = YES;
				GCC_WARN_64_TO_32_BIT_CONVERSION = YES;
				GCC_WARN_ABOUT_RETURN_TYPE = YES_ERROR;
				GCC_WARN_UNDECLARED_SELECTOR = YES;
				GCC_WARN_UNINITIALIZED_AUTOS = YES_AGGRESSIVE;
				GCC_WARN_UNUSED_FUNCTION = YES;
				GCC_WARN_UNUSED_VARIABLE = YES;
				IPHONEOS_DEPLOYMENT_TARGET = 9.3;
				MTL_ENABLE_DEBUG_INFO = NO;
				SDKROOT = iphoneos;
				TARGETED_DEVICE_FAMILY = "1,2";
				VALIDATE_PRODUCT = YES;
			};
			name = Release;
		};
		CB1622BF1DDAA31A0001D80F /* Debug */ = {
			isa = XCBuildConfiguration;
			buildSettings = {
				ASSETCATALOG_COMPILER_APPICON_NAME = AppIcon;
				INFOPLIST_FILE = MealPrepMania/Info.plist;
				LD_RUNPATH_SEARCH_PATHS = "$(inherited) @executable_path/Frameworks";
				PRODUCT_BUNDLE_IDENTIFIER = edu.oc.eagles.MealPrepMania;
				PRODUCT_NAME = "$(TARGET_NAME)";
			};
			name = Debug;
		};
		CB1622C01DDAA31A0001D80F /* Release */ = {
			isa = XCBuildConfiguration;
			buildSettings = {
				ASSETCATALOG_COMPILER_APPICON_NAME = AppIcon;
				INFOPLIST_FILE = MealPrepMania/Info.plist;
				LD_RUNPATH_SEARCH_PATHS = "$(inherited) @executable_path/Frameworks";
				PRODUCT_BUNDLE_IDENTIFIER = edu.oc.eagles.MealPrepMania;
				PRODUCT_NAME = "$(TARGET_NAME)";
			};
			name = Release;
		};
/* End XCBuildConfiguration section */

/* Begin XCConfigurationList section */
		CB1622A41DDAA31A0001D80F /* Build configuration list for PBXProject "MealPrepMania" */ = {
			isa = XCConfigurationList;
			buildConfigurations = (
				CB1622BC1DDAA31A0001D80F /* Debug */,
				CB1622BD1DDAA31A0001D80F /* Release */,
			);
			defaultConfigurationIsVisible = 0;
			defaultConfigurationName = Release;
		};
		CB1622BE1DDAA31A0001D80F /* Build configuration list for PBXNativeTarget "MealPrepMania" */ = {
			isa = XCConfigurationList;
			buildConfigurations = (
				CB1622BF1DDAA31A0001D80F /* Debug */,
				CB1622C01DDAA31A0001D80F /* Release */,
			);
			defaultConfigurationIsVisible = 0;
			defaultConfigurationName = Release;
		};
/* End XCConfigurationList section */

/* Begin XCVersionGroup section */
		CB1622B31DDAA31A0001D80F /* MealPrepMania.xcdatamodeld */ = {
			isa = XCVersionGroup;
			children = (
				CB1622B41DDAA31A0001D80F /* MealPrepMania.xcdatamodel */,
			);
			currentVersion = CB1622B41DDAA31A0001D80F /* MealPrepMania.xcdatamodel */;
			path = MealPrepMania.xcdatamodeld;
			sourceTree = "<group>";
			versionGroupType = wrapper.xcdatamodel;
		};
/* End XCVersionGroup section */
	};
	rootObject = CB1622A11DDAA31A0001D80F /* Project object */;
}
